
Microsoft Visual Studio Solution File, Format Version 12.00
# Visual Studio Version 16
VisualStudioVersion = 16.0.29311.281
MinimumVisualStudioVersion = 10.0.40219.1
Project("{9A19103F-16F7-4668-BE54-9A1E7A4F7556}") = "LibraryOrganizer", "ClassSchedule\LibraryOrganizer.csproj", "{C2F1E569-949A-4189-AA8A-FD1D768FBB54}"
EndProject
Global
	GlobalSection(SolutionConfigurationPlatforms) = preSolution
		Debug|Any CPU = Debug|Any CPU
		Release|Any CPU = Release|Any CPU
	EndGlobalSection
	GlobalSection(ProjectConfigurationPlatforms) = postSolution
		{C2F1E569-949A-4189-AA8A-FD1D768FBB54}.Debug|Any CPU.ActiveCfg = Debug|Any CPU
		{C2F1E569-949A-4189-AA8A-FD1D768FBB54}.Debug|Any CPU.Build.0 = Debug|Any CPU
		{C2F1E569-949A-4189-AA8A-FD1D768FBB54}.Release|Any CPU.ActiveCfg = Release|Any CPU
		{C2F1E569-949A-4189-AA8A-FD1D768FBB54}.Release|Any CPU.Build.0 = Release|Any CPU
	EndGlobalSection
	GlobalSection(SolutionProperties) = preSolution
		HideSolutionNode = FALSE
	EndGlobalSection
	GlobalSection(ExtensibilityGlobals) = postSolution
		SolutionGuid = {74DA2FBB-33C2-41A7-98DF-BACF54069431}
	EndGlobalSection
EndGlobal
